// !$*UTF8*$!
{
	archiveVersion = 1;
	classes = {
	};
	objectVersion = 50;
	objects = {

/* Begin PBXBuildFile section */
		EF5FAE67242597B500DB3C69 /* CatWeightComparator.m in Sources */ = {isa = PBXBuildFile; fileRef = EF5FAE66242597B500DB3C69 /* CatWeightComparator.m */; };
		EF5FAE6A242599C200DB3C69 /* CatHeightComparator.m in Sources */ = {isa = PBXBuildFile; fileRef = EF5FAE69242599C200DB3C69 /* CatHeightComparator.m */; };
		EF8118C52424B657006F5140 /* main.m in Sources */ = {isa = PBXBuildFile; fileRef = EF8118C42424B657006F5140 /* main.m */; };
		EF8118E02424D748006F5140 /* Dog.m in Sources */ = {isa = PBXBuildFile; fileRef = EF8118DF2424D748006F5140 /* Dog.m */; };
		EF8118E42424DFD4006F5140 /* Sorter.m in Sources */ = {isa = PBXBuildFile; fileRef = EF8118E32424DFD4006F5140 /* Sorter.m */; };
		EF8118E72424E6FF006F5140 /* Cat.m in Sources */ = {isa = PBXBuildFile; fileRef = EF8118E62424E6FF006F5140 /* Cat.m */; };
		EFD3DD752425AA9300F0F212 /* DogPriceComparator.m in Sources */ = {isa = PBXBuildFile; fileRef = EFD3DD742425AA9300F0F212 /* DogPriceComparator.m */; };
		EFD3DD782425AF3400F0F212 /* DogColorComparator.m in Sources */ = {isa = PBXBuildFile; fileRef = EFD3DD772425AF3400F0F212 /* DogColorComparator.m */; };
		EFD3DD812425B40700F0F212 /* main.m in Sources */ = {isa = PBXBuildFile; fileRef = EFD3DD802425B40700F0F212 /* main.m */; };
		EFD3DD872425B8C600F0F212 /* Sorter.m in Sources */ = {isa = PBXBuildFile; fileRef = EFD3DD862425B8C600F0F212 /* Sorter.m */; };
		EFD3DD8A2425ECAA00F0F212 /* Dog.m in Sources */ = {isa = PBXBuildFile; fileRef = EFD3DD892425ECAA00F0F212 /* Dog.m */; };
		EFD3DD8E2425F1D800F0F212 /* DogComparableParamter.h in Sources */ = {isa = PBXBuildFile; fileRef = EFD3DD8D2425F1D800F0F212 /* DogComparableParamter.h */; };
		EFD3DD912425F66800F0F212 /* Cat.m in Sources */ = {isa = PBXBuildFile; fileRef = EFD3DD902425F66800F0F212 /* Cat.m */; };
/* End PBXBuildFile section */

/* Begin PBXCopyFilesBuildPhase section */
		EF8118BF2424B657006F5140 /* CopyFiles */ = {
			isa = PBXCopyFilesBuildPhase;
			buildActionMask = 2147483647;
			dstPath = /usr/share/man/man1/;
			dstSubfolderSpec = 0;
			files = (
			);
			runOnlyForDeploymentPostprocessing = 1;
		};
		EFD3DD7C2425B40700F0F212 /* CopyFiles */ = {
			isa = PBXCopyFilesBuildPhase;
			buildActionMask = 2147483647;
			dstPath = /usr/share/man/man1/;
			dstSubfolderSpec = 0;
			files = (
			);
			runOnlyForDeploymentPostprocessing = 1;
		};
/* End PBXCopyFilesBuildPhase section */

/* Begin PBXFileReference section */
		EF5FAE65242597B500DB3C69 /* CatWeightComparator.h */ = {isa = PBXFileReference; lastKnownFileType = sourcecode.c.h; path = CatWeightComparator.h; sourceTree = "<group>"; };
		EF5FAE66242597B500DB3C69 /* CatWeightComparator.m */ = {isa = PBXFileReference; lastKnownFileType = sourcecode.c.objc; path = CatWeightComparator.m; sourceTree = "<group>"; };
		EF5FAE68242599C200DB3C69 /* CatHeightComparator.h */ = {isa = PBXFileReference; lastKnownFileType = sourcecode.c.h; path = CatHeightComparator.h; sourceTree = "<group>"; };
		EF5FAE69242599C200DB3C69 /* CatHeightComparator.m */ = {isa = PBXFileReference; lastKnownFileType = sourcecode.c.objc; path = CatHeightComparator.m; sourceTree = "<group>"; };
		EF5FAE6B24259CAB00DB3C69 /* CatComparable.h */ = {isa = PBXFileReference; lastKnownFileType = sourcecode.c.h; path = CatComparable.h; sourceTree = "<group>"; };
		EF8118C12424B657006F5140 /* Strategy */ = {isa = PBXFileReference; explicitFileType = "compiled.mach-o.executable"; includeInIndex = 0; path = Strategy; sourceTree = BUILT_PRODUCTS_DIR; };
		EF8118C42424B657006F5140 /* main.m */ = {isa = PBXFileReference; lastKnownFileType = sourcecode.c.objc; path = main.m; sourceTree = "<group>"; };
		EF8118DE2424D748006F5140 /* Dog.h */ = {isa = PBXFileReference; lastKnownFileType = sourcecode.c.h; path = Dog.h; sourceTree = "<group>"; };
		EF8118DF2424D748006F5140 /* Dog.m */ = {isa = PBXFileReference; lastKnownFileType = sourcecode.c.objc; path = Dog.m; sourceTree = "<group>"; };
		EF8118E12424DD65006F5140 /* Comparable.h */ = {isa = PBXFileReference; lastKnownFileType = sourcecode.c.h; path = Comparable.h; sourceTree = "<group>"; };
		EF8118E22424DFD4006F5140 /* Sorter.h */ = {isa = PBXFileReference; lastKnownFileType = sourcecode.c.h; path = Sorter.h; sourceTree = "<group>"; };
		EF8118E32424DFD4006F5140 /* Sorter.m */ = {isa = PBXFileReference; lastKnownFileType = sourcecode.c.objc; path = Sorter.m; sourceTree = "<group>"; };
		EF8118E52424E6FF006F5140 /* Cat.h */ = {isa = PBXFileReference; lastKnownFileType = sourcecode.c.h; path = Cat.h; sourceTree = "<group>"; };
		EF8118E62424E6FF006F5140 /* Cat.m */ = {isa = PBXFileReference; lastKnownFileType = sourcecode.c.objc; path = Cat.m; sourceTree = "<group>"; };
		EF8118EE24250A2E006F5140 /* Comparator.h */ = {isa = PBXFileReference; lastKnownFileType = sourcecode.c.h; path = Comparator.h; sourceTree = "<group>"; };
		EFD3DD722425A35400F0F212 /* DogComparable.h */ = {isa = PBXFileReference; lastKnownFileType = sourcecode.c.h; path = DogComparable.h; sourceTree = "<group>"; };
		EFD3DD732425AA9300F0F212 /* DogPriceComparator.h */ = {isa = PBXFileReference; lastKnownFileType = sourcecode.c.h; path = DogPriceComparator.h; sourceTree = "<group>"; };
		EFD3DD742425AA9300F0F212 /* DogPriceComparator.m */ = {isa = PBXFileReference; lastKnownFileType = sourcecode.c.objc; path = DogPriceComparator.m; sourceTree = "<group>"; };
		EFD3DD762425AF3400F0F212 /* DogColorComparator.h */ = {isa = PBXFileReference; lastKnownFileType = sourcecode.c.h; path = DogColorComparator.h; sourceTree = "<group>"; };
		EFD3DD772425AF3400F0F212 /* DogColorComparator.m */ = {isa = PBXFileReference; lastKnownFileType = sourcecode.c.objc; path = DogColorComparator.m; sourceTree = "<group>"; };
		EFD3DD792425B20A00F0F212 /* 不同阶段的需求 */ = {isa = PBXFileReference; lastKnownFileType = text; path = "不同阶段的需求"; sourceTree = "<group>"; };
		EFD3DD7E2425B40700F0F212 /* No_Strategy */ = {isa = PBXFileReference; explicitFileType = "compiled.mach-o.executable"; includeInIndex = 0; path = No_Strategy; sourceTree = BUILT_PRODUCTS_DIR; };
		EFD3DD802425B40700F0F212 /* main.m */ = {isa = PBXFileReference; lastKnownFileType = sourcecode.c.objc; path = main.m; sourceTree = "<group>"; };
		EFD3DD852425B8C600F0F212 /* Sorter.h */ = {isa = PBXFileReference; lastKnownFileType = sourcecode.c.h; path = Sorter.h; sourceTree = "<group>"; };
		EFD3DD862425B8C600F0F212 /* Sorter.m */ = {isa = PBXFileReference; lastKnownFileType = sourcecode.c.objc; path = Sorter.m; sourceTree = "<group>"; };
		EFD3DD882425ECAA00F0F212 /* Dog.h */ = {isa = PBXFileReference; lastKnownFileType = sourcecode.c.h; path = Dog.h; sourceTree = "<group>"; };
		EFD3DD892425ECAA00F0F212 /* Dog.m */ = {isa = PBXFileReference; lastKnownFileType = sourcecode.c.objc; path = Dog.m; sourceTree = "<group>"; };
		EFD3DD8C2425EFE900F0F212 /* DogComparable.h */ = {isa = PBXFileReference; lastKnownFileType = sourcecode.c.h; path = DogComparable.h; sourceTree = "<group>"; };
		EFD3DD8D2425F1D800F0F212 /* DogComparableParamter.h */ = {isa = PBXFileReference; lastKnownFileType = sourcecode.c.h; path = DogComparableParamter.h; sourceTree = "<group>"; };
		EFD3DD8F2425F66800F0F212 /* Cat.h */ = {isa = PBXFileReference; lastKnownFileType = sourcecode.c.h; path = Cat.h; sourceTree = "<group>"; };
		EFD3DD902425F66800F0F212 /* Cat.m */ = {isa = PBXFileReference; lastKnownFileType = sourcecode.c.objc; path = Cat.m; sourceTree = "<group>"; };
		EFD3DD922425F6F200F0F212 /* CatComparableParamter.h */ = {isa = PBXFileReference; lastKnownFileType = sourcecode.c.h; path = CatComparableParamter.h; sourceTree = "<group>"; };
		EFD3DD932425F78000F0F212 /* CatComparable.h */ = {isa = PBXFileReference; lastKnownFileType = sourcecode.c.h; path = CatComparable.h; sourceTree = "<group>"; };
/* End PBXFileReference section */

/* Begin PBXFrameworksBuildPhase section */
		EF8118BE2424B657006F5140 /* Frameworks */ = {
			isa = PBXFrameworksBuildPhase;
			buildActionMask = 2147483647;
			files = (
			);
			runOnlyForDeploymentPostprocessing = 0;
		};
		EFD3DD7B2425B40700F0F212 /* Frameworks */ = {
			isa = PBXFrameworksBuildPhase;
			buildActionMask = 2147483647;
			files = (
			);
			runOnlyForDeploymentPostprocessing = 0;
		};
/* End PBXFrameworksBuildPhase section */

/* Begin PBXGroup section */
		EF8118B82424B657006F5140 = {
			isa = PBXGroup;
			children = (
				EF8118C32424B657006F5140 /* Strategy */,
				EFD3DD7F2425B40700F0F212 /* No_Strategy */,
				EF8118C22424B657006F5140 /* Products */,
			);
			sourceTree = "<group>";
		};
		EF8118C22424B657006F5140 /* Products */ = {
			isa = PBXGroup;
			children = (
				EF8118C12424B657006F5140 /* Strategy */,
				EFD3DD7E2425B40700F0F212 /* No_Strategy */,
			);
			name = Products;
			sourceTree = "<group>";
		};
		EF8118C32424B657006F5140 /* Strategy */ = {
			isa = PBXGroup;
			children = (
				EF8118C42424B657006F5140 /* main.m */,
				EFD3DD792425B20A00F0F212 /* 不同阶段的需求 */,
				EF8118E12424DD65006F5140 /* Comparable.h */,
				EF5FAE6B24259CAB00DB3C69 /* CatComparable.h */,
				EFD3DD722425A35400F0F212 /* DogComparable.h */,
				EF8118EE24250A2E006F5140 /* Comparator.h */,
				EF8118DE2424D748006F5140 /* Dog.h */,
				EF8118DF2424D748006F5140 /* Dog.m */,
				EFD3DD732425AA9300F0F212 /* DogPriceComparator.h */,
				EFD3DD742425AA9300F0F212 /* DogPriceComparator.m */,
				EFD3DD762425AF3400F0F212 /* DogColorComparator.h */,
				EFD3DD772425AF3400F0F212 /* DogColorComparator.m */,
				EF8118E52424E6FF006F5140 /* Cat.h */,
				EF8118E62424E6FF006F5140 /* Cat.m */,
				EF5FAE65242597B500DB3C69 /* CatWeightComparator.h */,
				EF5FAE66242597B500DB3C69 /* CatWeightComparator.m */,
				EF5FAE68242599C200DB3C69 /* CatHeightComparator.h */,
				EF5FAE69242599C200DB3C69 /* CatHeightComparator.m */,
				EF8118E22424DFD4006F5140 /* Sorter.h */,
				EF8118E32424DFD4006F5140 /* Sorter.m */,
			);
			path = Strategy;
			sourceTree = "<group>";
		};
		EFD3DD7F2425B40700F0F212 /* No_Strategy */ = {
			isa = PBXGroup;
			children = (
				EFD3DD802425B40700F0F212 /* main.m */,
				EFD3DD8C2425EFE900F0F212 /* DogComparable.h */,
				EFD3DD8D2425F1D800F0F212 /* DogComparableParamter.h */,
				EFD3DD852425B8C600F0F212 /* Sorter.h */,
				EFD3DD862425B8C600F0F212 /* Sorter.m */,
				EFD3DD882425ECAA00F0F212 /* Dog.h */,
				EFD3DD892425ECAA00F0F212 /* Dog.m */,
				EFD3DD8F2425F66800F0F212 /* Cat.h */,
				EFD3DD902425F66800F0F212 /* Cat.m */,
				EFD3DD932425F78000F0F212 /* CatComparable.h */,
				EFD3DD922425F6F200F0F212 /* CatComparableParamter.h */,
			);
			path = No_Strategy;
			sourceTree = "<group>";
		};
/* End PBXGroup section */

/* Begin PBXNativeTarget section */
		EF8118C02424B657006F5140 /* Strategy */ = {
			isa = PBXNativeTarget;
			buildConfigurationList = EF8118C82424B657006F5140 /* Build configuration list for PBXNativeTarget "Strategy" */;
			buildPhases = (
				EF8118BD2424B657006F5140 /* Sources */,
				EF8118BE2424B657006F5140 /* Frameworks */,
				EF8118BF2424B657006F5140 /* CopyFiles */,
			);
			buildRules = (
			);
			dependencies = (
			);
			name = Strategy;
			productName = Strategy;
			productReference = EF8118C12424B657006F5140 /* Strategy */;
			productType = "com.apple.product-type.tool";
		};
		EFD3DD7D2425B40700F0F212 /* No_Strategy */ = {
			isa = PBXNativeTarget;
			buildConfigurationList = EFD3DD822425B40700F0F212 /* Build configuration list for PBXNativeTarget "No_Strategy" */;
			buildPhases = (
				EFD3DD7A2425B40700F0F212 /* Sources */,
				EFD3DD7B2425B40700F0F212 /* Frameworks */,
				EFD3DD7C2425B40700F0F212 /* CopyFiles */,
			);
			buildRules = (
			);
			dependencies = (
			);
			name = No_Strategy;
			productName = No_Strategy;
			productReference = EFD3DD7E2425B40700F0F212 /* No_Strategy */;
			productType = "com.apple.product-type.tool";
		};
/* End PBXNativeTarget section */

/* Begin PBXProject section */
		EF8118B92424B657006F5140 /* Project object */ = {
			isa = PBXProject;
			attributes = {
				LastUpgradeCheck = 1120;
				ORGANIZATIONNAME = "侯森魁";
				TargetAttributes = {
					EF8118C02424B657006F5140 = {
						CreatedOnToolsVersion = 11.2.1;
					};
					EFD3DD7D2425B40700F0F212 = {
						CreatedOnToolsVersion = 11.2.1;
					};
				};
			};
			buildConfigurationList = EF8118BC2424B657006F5140 /* Build configuration list for PBXProject "Strategy" */;
			compatibilityVersion = "Xcode 9.3";
			developmentRegion = en;
			hasScannedForEncodings = 0;
			knownRegions = (
				en,
				Base,
			);
			mainGroup = EF8118B82424B657006F5140;
			productRefGroup = EF8118C22424B657006F5140 /* Products */;
			projectDirPath = "";
			projectRoot = "";
			targets = (
				EF8118C02424B657006F5140 /* Strategy */,
				EFD3DD7D2425B40700F0F212 /* No_Strategy */,
			);
		};
/* End PBXProject section */

/* Begin PBXSourcesBuildPhase section */
		EF8118BD2424B657006F5140 /* Sources */ = {
			isa = PBXSourcesBuildPhase;
			buildActionMask = 2147483647;
			files = (
				EF8118E72424E6FF006F5140 /* Cat.m in Sources */,
				EF8118E02424D748006F5140 /* Dog.m in Sources */,
				EFD3DD782425AF3400F0F212 /* DogColorComparator.m in Sources */,
				EFD3DD752425AA9300F0F212 /* DogPriceComparator.m in Sources */,
				EF8118E42424DFD4006F5140 /* Sorter.m in Sources */,
				EF5FAE6A242599C200DB3C69 /* CatHeightComparator.m in Sources */,
				EF5FAE67242597B500DB3C69 /* CatWeightComparator.m in Sources */,
				EF8118C52424B657006F5140 /* main.m in Sources */,
			);
			runOnlyForDeploymentPostprocessing = 0;
		};
		EFD3DD7A2425B40700F0F212 /* Sources */ = {
			isa = PBXSourcesBuildPhase;
			buildActionMask = 2147483647;
			files = (
				EFD3DD8A2425ECAA00F0F212 /* Dog.m in Sources */,
				EFD3DD872425B8C600F0F212 /* Sorter.m in Sources */,
				EFD3DD8E2425F1D800F0F212 /* DogComparableParamter.h in Sources */,
				EFD3DD812425B40700F0F212 /* main.m in Sources */,
				EFD3DD912425F66800F0F212 /* Cat.m in Sources */,
			);
			runOnlyForDeploymentPostprocessing = 0;
		};
/* End PBXSourcesBuildPhase section */

/* Begin XCBuildConfiguration section */
		EF8118C62424B657006F5140 /* Debug */ = {
			isa = XCBuildConfiguration;
			buildSettings = {
				ALWAYS_SEARCH_USER_PATHS = NO;
				CLANG_ANALYZER_NONNULL = YES;
				CLANG_ANALYZER_NUMBER_OBJECT_CONVERSION = YES_AGGRESSIVE;
				CLANG_CXX_LANGUAGE_STANDARD = "gnu++14";
				CLANG_CXX_LIBRARY = "libc++";
				CLANG_ENABLE_MODULES = YES;
				CLANG_ENABLE_OBJC_ARC = YES;
				CLANG_ENABLE_OBJC_WEAK = YES;
				CLANG_WARN_BLOCK_CAPTURE_AUTORELEASING = YES;
				CLANG_WARN_BOOL_CONVERSION = YES;
				CLANG_WARN_COMMA = YES;
				CLANG_WARN_CONSTANT_CONVERSION = YES;
				CLANG_WARN_DEPRECATED_OBJC_IMPLEMENTATIONS = YES;
				CLANG_WARN_DIRECT_OBJC_ISA_USAGE = YES_ERROR;
				CLANG_WARN_DOCUMENTATION_COMMENTS = YES;
				CLANG_WARN_EMPTY_BODY = YES;
				CLANG_WARN_ENUM_CONVERSION = YES;
				CLANG_WARN_INFINITE_RECURSION = YES;
				CLANG_WARN_INT_CONVERSION = YES;
				CLANG_WARN_NON_LITERAL_NULL_CONVERSION = YES;
				CLANG_WARN_OBJC_IMPLICIT_RETAIN_SELF = YES;
				CLANG_WARN_OBJC_LITERAL_CONVERSION = YES;
				CLANG_WARN_OBJC_ROOT_CLASS = YES_ERROR;
				CLANG_WARN_RANGE_LOOP_ANALYSIS = YES;
				CLANG_WARN_STRICT_PROTOTYPES = YES;
				CLANG_WARN_SUSPICIOUS_MOVE = YES;
				CLANG_WARN_UNGUARDED_AVAILABILITY = YES_AGGRESSIVE;
				CLANG_WARN_UNREACHABLE_CODE = YES;
				CLANG_WARN__DUPLICATE_METHOD_MATCH = YES;
				COPY_PHASE_STRIP = NO;
				DEBUG_INFORMATION_FORMAT = dwarf;
				ENABLE_STRICT_OBJC_MSGSEND = YES;
				ENABLE_TESTABILITY = YES;
				GCC_C_LANGUAGE_STANDARD = gnu11;
				GCC_DYNAMIC_NO_PIC = NO;
				GCC_NO_COMMON_BLOCKS = YES;
				GCC_OPTIMIZATION_LEVEL = 0;
				GCC_PREPROCESSOR_DEFINITIONS = (
					"DEBUG=1",
					"$(inherited)",
				);
				GCC_WARN_64_TO_32_BIT_CONVERSION = YES;
				GCC_WARN_ABOUT_RETURN_TYPE = YES_ERROR;
				GCC_WARN_UNDECLARED_SELECTOR = YES;
				GCC_WARN_UNINITIALIZED_AUTOS = YES_AGGRESSIVE;
				GCC_WARN_UNUSED_FUNCTION = YES;
				GCC_WARN_UNUSED_VARIABLE = YES;
				MACOSX_DEPLOYMENT_TARGET = 10.15;
				MTL_ENABLE_DEBUG_INFO = INCLUDE_SOURCE;
				MTL_FAST_MATH = YES;
				ONLY_ACTIVE_ARCH = YES;
				SDKROOT = macosx;
			};
			name = Debug;
		};
		EF8118C72424B657006F5140 /* Release */ = {
			isa = XCBuildConfiguration;
			buildSettings = {
				ALWAYS_SEARCH_USER_PATHS = NO;
				CLANG_ANALYZER_NONNULL = YES;
				CLANG_ANALYZER_NUMBER_OBJECT_CONVERSION = YES_AGGRESSIVE;
				CLANG_CXX_LANGUAGE_STANDARD = "gnu++14";
				CLANG_CXX_LIBRARY = "libc++";
				CLANG_ENABLE_MODULES = YES;
				CLANG_ENABLE_OBJC_ARC = YES;
				CLANG_ENABLE_OBJC_WEAK = YES;
				CLANG_WARN_BLOCK_CAPTURE_AUTORELEASING = YES;
				CLANG_WARN_BOOL_CONVERSION = YES;
				CLANG_WARN_COMMA = YES;
				CLANG_WARN_CONSTANT_CONVERSION = YES;
				CLANG_WARN_DEPRECATED_OBJC_IMPLEMENTATIONS = YES;
				CLANG_WARN_DIRECT_OBJC_ISA_USAGE = YES_ERROR;
				CLANG_WARN_DOCUMENTATION_COMMENTS = YES;
				CLANG_WARN_EMPTY_BODY = YES;
				CLANG_WARN_ENUM_CONVERSION = YES;
				CLANG_WARN_INFINITE_RECURSION = YES;
				CLANG_WARN_INT_CONVERSION = YES;
				CLANG_WARN_NON_LITERAL_NULL_CONVERSION = YES;
				CLANG_WARN_OBJC_IMPLICIT_RETAIN_SELF = YES;
				CLANG_WARN_OBJC_LITERAL_CONVERSION = YES;
				CLANG_WARN_OBJC_ROOT_CLASS = YES_ERROR;
				CLANG_WARN_RANGE_LOOP_ANALYSIS = YES;
				CLANG_WARN_STRICT_PROTOTYPES = YES;
				CLANG_WARN_SUSPICIOUS_MOVE = YES;
				CLANG_WARN_UNGUARDED_AVAILABILITY = YES_AGGRESSIVE;
				CLANG_WARN_UNREACHABLE_CODE = YES;
				CLANG_WARN__DUPLICATE_METHOD_MATCH = YES;
				COPY_PHASE_STRIP = NO;
				DEBUG_INFORMATION_FORMAT = "dwarf-with-dsym";
				ENABLE_NS_ASSERTIONS = NO;
				ENABLE_STRICT_OBJC_MSGSEND = YES;
				GCC_C_LANGUAGE_STANDARD = gnu11;
				GCC_NO_COMMON_BLOCKS = YES;
				GCC_WARN_64_TO_32_BIT_CONVERSION = YES;
				GCC_WARN_ABOUT_RETURN_TYPE = YES_ERROR;
				GCC_WARN_UNDECLARED_SELECTOR = YES;
				GCC_WARN_UNINITIALIZED_AUTOS = YES_AGGRESSIVE;
				GCC_WARN_UNUSED_FUNCTION = YES;
				GCC_WARN_UNUSED_VARIABLE = YES;
				MACOSX_DEPLOYMENT_TARGET = 10.15;
				MTL_ENABLE_DEBUG_INFO = NO;
				MTL_FAST_MATH = YES;
				SDKROOT = macosx;
			};
			name = Release;
		};
		EF8118C92424B657006F5140 /* Debug */ = {
			isa = XCBuildConfiguration;
			buildSettings = {
				CODE_SIGN_STYLE = Automatic;
				PRODUCT_NAME = "$(TARGET_NAME)";
			};
			name = Debug;
		};
		EF8118CA2424B657006F5140 /* Release */ = {
			isa = XCBuildConfiguration;
			buildSettings = {
				CODE_SIGN_STYLE = Automatic;
				PRODUCT_NAME = "$(TARGET_NAME)";
			};
			name = Release;
		};
		EFD3DD832425B40700F0F212 /* Debug */ = {
			isa = XCBuildConfiguration;
			buildSettings = {
				CODE_SIGN_STYLE = Automatic;
				PRODUCT_NAME = "$(TARGET_NAME)";
			};
			name = Debug;
		};
		EFD3DD842425B40700F0F212 /* Release */ = {
			isa = XCBuildConfiguration;
			buildSettings = {
				CODE_SIGN_STYLE = Automatic;
				PRODUCT_NAME = "$(TARGET_NAME)";
			};
			name = Release;
		};
/* End XCBuildConfiguration section */

/* Begin XCConfigurationList section */
		EF8118BC2424B657006F5140 /* Build configuration list for PBXProject "Strategy" */ = {
			isa = XCConfigurationList;
			buildConfigurations = (
				EF8118C62424B657006F5140 /* Debug */,
				EF8118C72424B657006F5140 /* Release */,
			);
			defaultConfigurationIsVisible = 0;
			defaultConfigurationName = Release;
		};
		EF8118C82424B657006F5140 /* Build configuration list for PBXNativeTarget "Strategy" */ = {
			isa = XCConfigurationList;
			buildConfigurations = (
				EF8118C92424B657006F5140 /* Debug */,
				EF8118CA2424B657006F5140 /* Release */,
			);
			defaultConfigurationIsVisible = 0;
			defaultConfigurationName = Release;
		};
		EFD3DD822425B40700F0F212 /* Build configuration list for PBXNativeTarget "No_Strategy" */ = {
			isa = XCConfigurationList;
			buildConfigurations = (
				EFD3DD832425B40700F0F212 /* Debug */,
				EFD3DD842425B40700F0F212 /* Release */,
			);
			defaultConfigurationIsVisible = 0;
			defaultConfigurationName = Release;
		};
/* End XCConfigurationList section */
	};
	rootObject = EF8118B92424B657006F5140 /* Project object */;
}
